
Microsoft Visual Studio Solution File, Format Version 12.00
# Visual Studio Version 17
VisualStudioVersion = 17.2.32526.322
MinimumVisualStudioVersion = 10.0.40219.1
Project("{FAE04EC0-301F-11D3-BF4B-00C04F79EFBC}") = "Note Taker", "Note Taker.csproj", "{52169E36-3410-410E-8422-E96C8E7F32EB}"
EndProject
Global
	GlobalSection(SolutionConfigurationPlatforms) = preSolution
		Debug|Any CPU = Debug|Any CPU
		Release|Any CPU = Release|Any CPU
	EndGlobalSection
	GlobalSection(ProjectConfigurationPlatforms) = postSolution
		{52169E36-3410-410E-8422-E96C8E7F32EB}.Debug|Any CPU.ActiveCfg = Debug|Any CPU
		{52169E36-3410-410E-8422-E96C8E7F32EB}.Debug|Any CPU.Build.0 = Debug|Any CPU
		{52169E36-3410-410E-8422-E96C8E7F32EB}.Release|Any CPU.ActiveCfg = Release|Any CPU
		{52169E36-3410-410E-8422-E96C8E7F32EB}.Release|Any CPU.Build.0 = Release|Any CPU
	EndGlobalSection
	GlobalSection(SolutionProperties) = preSolution
		HideSolutionNode = FALSE
	EndGlobalSection
	GlobalSection(ExtensibilityGlobals) = postSolution
		SolutionGuid = {C76E71B9-54CC-4123-B77F-3970CDEAD7C0}
	EndGlobalSection
EndGlobal
